PODS:
  - app_links (6.4.1):
    - Flutter
  - appmetrica_plugin (3.4.0):
    - AppMetricaAnalytics (~> 5.14)
    - AppMetricaLibraryAdapter (~> 5.14)
    - Flutter
  - AppMetricaAdSupport (5.14.0):
    - AppMetricaCore (= 5.14.0)
    - AppMetricaCoreExtension (= 5.14.0)
  - AppMetricaAnalytics (5.14.0):
    - AppMetricaAdSupport (= 5.14.0)
    - AppMetricaCore (= 5.14.0)
    - AppMetricaCrashes (= 5.14.0)
    - AppMetricaIDSync (= 5.14.0)
    - AppMetricaScreenshot (= 5.14.0)
    - AppMetricaWebKit (= 5.14.0)
  - AppMetricaCore (5.14.0):
    - AppMetricaCoreUtils (= 5.14.0)
    - AppMetricaEncodingUtils (= 5.14.0)
    - AppMetricaFMDB (= 5.14.0)
    - AppMetricaHostState (= 5.14.0)
    - AppMetricaIdentifiers (= 5.14.0)
    - AppMetricaKeychain (= 5.14.0)
    - AppMetricaLog (= 5.14.0)
    - AppMetricaNetwork (= 5.14.0)
    - AppMetricaPlatform (= 5.14.0)
    - AppMetricaProtobuf (= 5.14.0)
    - AppMetricaProtobufUtils (= 5.14.0)
    - AppMetricaStorageUtils (= 5.14.0)
  - AppMetricaCoreExtension (5.14.0):
    - AppMetricaCore (= 5.14.0)
    - AppMetricaStorageUtils (= 5.14.0)
  - AppMetricaCoreUtils (5.14.0):
    - AppMetricaLog (= 5.14.0)
  - AppMetricaCrashes (5.14.0):
    - AppMetricaCore (= 5.14.0)
    - AppMetricaCoreExtension (= 5.14.0)
    - AppMetricaCoreUtils (= 5.14.0)
    - AppMetricaEncodingUtils (= 5.14.0)
    - AppMetricaHostState (= 5.14.0)
    - AppMetricaLog (= 5.14.0)
    - AppMetricaPlatform (= 5.14.0)
    - AppMetricaProtobufUtils (= 5.14.0)
    - AppMetricaStorageUtils (= 5.14.0)
    - KSCrash/Recording (< 2.2.0, >= 2.1.0)
  - AppMetricaEncodingUtils (5.14.0):
    - AppMetricaCoreUtils (= 5.14.0)
    - AppMetricaLog (= 5.14.0)
    - AppMetricaPlatform (= 5.14.0)
  - AppMetricaFMDB (5.14.0)
  - AppMetricaHostState (5.14.0):
    - AppMetricaCoreUtils (= 5.14.0)
    - AppMetricaLog (= 5.14.0)
  - AppMetricaIdentifiers (5.14.0):
    - AppMetricaKeychain (= 5.14.0)
    - AppMetricaLogSwift (= 5.14.0)
    - AppMetricaPlatform (= 5.14.0)
    - AppMetricaStorageUtils (= 5.14.0)
    - AppMetricaSynchronization (= 5.14.0)
  - AppMetricaIDSync (5.14.0):
    - AppMetricaCore (= 5.14.0)
    - AppMetricaCoreExtension (= 5.14.0)
    - AppMetricaCoreUtils (= 5.14.0)
    - AppMetricaLog (= 5.14.0)
    - AppMetricaNetwork (= 5.14.0)
    - AppMetricaPlatform (= 5.14.0)
    - AppMetricaStorageUtils (= 5.14.0)
  - AppMetricaKeychain (5.14.0):
    - AppMetricaCoreUtils (= 5.14.0)
    - AppMetricaLog (= 5.14.0)
    - AppMetricaStorageUtils (= 5.14.0)
  - AppMetricaLibraryAdapter (5.14.0):
    - AppMetricaCore (= 5.14.0)
    - AppMetricaCoreExtension (= 5.14.0)
  - AppMetricaLog (5.14.0)
  - AppMetricaLogSwift (5.14.0):
    - AppMetricaLog (= 5.14.0)
  - AppMetricaNetwork (5.14.0):
    - AppMetricaCoreUtils (= 5.14.0)
    - AppMetricaLog (= 5.14.0)
    - AppMetricaPlatform (= 5.14.0)
  - AppMetricaPlatform (5.14.0):
    - AppMetricaCoreUtils (= 5.14.0)
    - AppMetricaLog (= 5.14.0)
  - AppMetricaProtobuf (5.14.0)
  - AppMetricaProtobufUtils (5.14.0):
    - AppMetricaProtobuf (= 5.14.0)
  - AppMetricaScreenshot (5.14.0):
    - AppMetricaCore (= 5.14.0)
    - AppMetricaCoreExtension (= 5.14.0)
    - AppMetricaStorageUtils (= 5.14.0)
  - AppMetricaStorageUtils (5.14.0):
    - AppMetricaCoreUtils (= 5.14.0)
    - AppMetricaLog (= 5.14.0)
  - AppMetricaSynchronization (5.14.0):
    - AppMetricaLogSwift (= 5.14.0)
  - AppMetricaWebKit (5.14.0):
    - AppMetricaCore (= 5.14.0)
    - AppMetricaCoreUtils (= 5.14.0)
    - AppMetricaLog (= 5.14.0)
  - connectivity_plus (0.0.1):
    - Flutter
  - DivKit (32.37.0):
    - DivKit_LayoutKit (= 32.37.0)
    - DivKit_Serialization (= 32.37.0)
    - VGSL (~> 7.12)
  - DivKit_LayoutKit (32.37.0):
    - DivKit_LayoutKitInterface (= 32.37.0)
    - VGSL (~> 7.12)
  - DivKit_LayoutKitInterface (32.37.0):
    - VGSL (~> 7.12)
  - DivKit_Serialization (32.37.0):
    - VGSL (~> 7.12)
  - DivKitBinaryCompatibilityFacade (5.2.1):
    - DivKit (~> 32.14)
  - Firebase/CoreOnly (12.8.0):
    - FirebaseCore (~> 12.8.0)
  - Firebase/Crashlytics (12.8.0):
    - Firebase/CoreOnly
    - FirebaseCrashlytics (~> 12.8.0)
  - firebase_analytics (12.1.2):
    - firebase_core
    - FirebaseAnalytics (= 12.8.0)
    - Flutter
  - firebase_core (4.4.0):
    - Firebase/CoreOnly (= 12.8.0)
    - Flutter
  - firebase_crashlytics (5.0.7):
    - Firebase/Crashlytics (= 12.8.0)
    - firebase_core
    - Flutter
  - FirebaseAnalytics (12.8.0):
    - FirebaseAnalytics/Default (= 12.8.0)
    - FirebaseCore (~> 12.8.0)
    - FirebaseInstallations (~> 12.8.0)
    - GoogleUtilities/AppDelegateSwizzler (~> 8.1)
    - GoogleUtilities/MethodSwizzler (~> 8.1)
    - GoogleUtilities/Network (~> 8.1)
    - "GoogleUtilities/NSData+zlib (~> 8.1)"
    - nanopb (~> 3.30910.0)
  - FirebaseAnalytics/Default (12.8.0):
    - FirebaseCore (~> 12.8.0)
    - FirebaseInstallations (~> 12.8.0)
    - GoogleAppMeasurement/Default (= 12.8.0)
    - GoogleUtilities/AppDelegateSwizzler (~> 8.1)
    - GoogleUtilities/MethodSwizzler (~> 8.1)
    - GoogleUtilities/Network (~> 8.1)
    - "GoogleUtilities/NSData+zlib (~> 8.1)"
    - nanopb (~> 3.30910.0)
  - FirebaseCore (12.8.0):
    - FirebaseCoreInternal (~> 12.8.0)
    - GoogleUtilities/Environment (~> 8.1)
    - GoogleUtilities/Logger (~> 8.1)
  - FirebaseCoreExtension (12.8.0):
    - FirebaseCore (~> 12.8.0)
  - FirebaseCoreInternal (12.8.0):
    - "GoogleUtilities/NSData+zlib (~> 8.1)"
  - FirebaseCrashlytics (12.8.0):
    - FirebaseCore (~> 12.8.0)
    - FirebaseInstallations (~> 12.8.0)
    - FirebaseRemoteConfigInterop (~> 12.8.0)
    - FirebaseSessions (~> 12.8.0)
    - GoogleDataTransport (~> 10.1)
    - GoogleUtilities/Environment (~> 8.1)
    - nanopb (~> 3.30910.0)
    - PromisesObjC (~> 2.4)
  - FirebaseInstallations (12.8.0):
    - FirebaseCore (~> 12.8.0)
    - GoogleUtilities/Environment (~> 8.1)
    - GoogleUtilities/UserDefaults (~> 8.1)
    - PromisesObjC (~> 2.4)
  - FirebaseRemoteConfigInterop (12.8.0)
  - FirebaseSessions (12.8.0):
    - FirebaseCore (~> 12.8.0)
    - FirebaseCoreExtension (~> 12.8.0)
    - FirebaseInstallations (~> 12.8.0)
    - GoogleDataTransport (~> 10.1)
    - GoogleUtilities/Environment (~> 8.1)
    - GoogleUtilities/UserDefaults (~> 8.1)
    - nanopb (~> 3.30910.0)
    - PromisesSwift (~> 2.1)
  - Flutter (1.0.0)
  - flutter_local_notifications (0.0.1):
    - Flutter
  - GoogleAdsOnDeviceConversion (3.2.0):
    - GoogleUtilities/Environment (~> 8.1)
    - GoogleUtilities/Logger (~> 8.1)
    - GoogleUtilities/Network (~> 8.1)
    - nanopb (~> 3.30910.0)
  - GoogleAppMeasurement/Core (12.8.0):
    - GoogleUtilities/AppDelegateSwizzler (~> 8.1)
    - GoogleUtilities/MethodSwizzler (~> 8.1)
    - GoogleUtilities/Network (~> 8.1)
    - "GoogleUtilities/NSData+zlib (~> 8.1)"
    - nanopb (~> 3.30910.0)
  - GoogleAppMeasurement/Default (12.8.0):
    - GoogleAdsOnDeviceConversion (~> 3.2.0)
    - GoogleAppMeasurement/Core (= 12.8.0)
    - GoogleAppMeasurement/IdentitySupport (= 12.8.0)
    - GoogleUtilities/AppDelegateSwizzler (~> 8.1)
    - GoogleUtilities/MethodSwizzler (~> 8.1)
    - GoogleUtilities/Network (~> 8.1)
    - "GoogleUtilities/NSData+zlib (~> 8.1)"
    - nanopb (~> 3.30910.0)
  - GoogleAppMeasurement/IdentitySupport (12.8.0):
    - GoogleAppMeasurement/Core (= 12.8.0)
    - GoogleUtilities/AppDelegateSwizzler (~> 8.1)
    - GoogleUtilities/MethodSwizzler (~> 8.1)
    - GoogleUtilities/Network (~> 8.1)
    - "GoogleUtilities/NSData+zlib (~> 8.1)"
    - nanopb (~> 3.30910.0)
  - GoogleDataTransport (10.1.0):
    - nanopb (~> 3.30910.0)
    - PromisesObjC (~> 2.4)
  - GoogleUtilities/AppDelegateSwizzler (8.1.0):
    - GoogleUtilities/Environment
    - GoogleUtilities/Logger
    - GoogleUtilities/Network
    - GoogleUtilities/Privacy
  - GoogleUtilities/Environment (8.1.0):
    - GoogleUtilities/Privacy
  - GoogleUtilities/Logger (8.1.0):
    - GoogleUtilities/Environment
    - GoogleUtilities/Privacy
  - GoogleUtilities/MethodSwizzler (8.1.0):
    - GoogleUtilities/Logger
    - GoogleUtilities/Privacy
  - GoogleUtilities/Network (8.1.0):
    - GoogleUtilities/Logger
    - "GoogleUtilities/NSData+zlib"
    - GoogleUtilities/Privacy
    - GoogleUtilities/Reachability
  - "GoogleUtilities/NSData+zlib (8.1.0)":
    - GoogleUtilities/Privacy
  - GoogleUtilities/Privacy (8.1.0)
  - GoogleUtilities/Reachability (8.1.0):
    - GoogleUtilities/Logger
    - GoogleUtilities/Privacy
  - GoogleUtilities/UserDefaults (8.1.0):
    - GoogleUtilities/Logger
    - GoogleUtilities/Privacy
  - isar_plus_flutter_libs (1.0.0):
    - Flutter
  - KSCrash/Core (2.1.2)
  - KSCrash/Recording (2.1.2):
    - KSCrash/RecordingCore
  - KSCrash/RecordingCore (2.1.2):
    - KSCrash/Core
  - nanopb (3.30910.0):
    - nanopb/decode (= 3.30910.0)
    - nanopb/encode (= 3.30910.0)
  - nanopb/decode (3.30910.0)
  - nanopb/encode (3.30910.0)
  - PromisesObjC (2.4.0)
  - PromisesSwift (2.4.0):
    - PromisesObjC (= 2.4.0)
  - share_plus (0.0.1):
    - Flutter
  - shared_preferences_foundation (0.0.1):
    - Flutter
    - FlutterMacOS
  - url_launcher_ios (0.0.1):
    - Flutter
  - VGSL (7.19.0):
    - VGSLFundamentals (= 7.19.0)
    - VGSLNetworking (= 7.19.0)
    - VGSLUI (= 7.19.0)
  - VGSLFundamentals (7.19.0)
  - VGSLNetworking (7.19.0):
    - VGSLFundamentals (= 7.19.0)
    - VGSLUI (= 7.19.0)
  - VGSLUI (7.19.0):
    - VGSLFundamentals (= 7.19.0)
  - yandex_mobileads (7.18.0):
    - Flutter
    - YandexMobileAds (~> 7.18.0)
  - YandexMobileAds (7.18.4):
    - AppMetricaAdSupport (~> 5.14.0)
    - AppMetricaCore (~> 5.14.0)
    - AppMetricaIDSync (~> 5.14.0)
    - AppMetricaLibraryAdapter (~> 5.14.0)
    - DivKitBinaryCompatibilityFacade (~> 5.2.1)

DEPENDENCIES:
  - app_links (from `.symlinks/plugins/app_links/ios`)
  - appmetrica_plugin (from `.symlinks/plugins/appmetrica_plugin/ios`)
  - connectivity_plus (from `.symlinks/plugins/connectivity_plus/ios`)
  - firebase_analytics (from `.symlinks/plugins/firebase_analytics/ios`)
  - firebase_core (from `.symlinks/plugins/firebase_core/ios`)
  - firebase_crashlytics (from `.symlinks/plugins/firebase_crashlytics/ios`)
  - Flutter (from `Flutter`)
  - flutter_local_notifications (from `.symlinks/plugins/flutter_local_notifications/ios`)
  - isar_plus_flutter_libs (from `.symlinks/plugins/isar_plus_flutter_libs/ios`)
  - share_plus (from `.symlinks/plugins/share_plus/ios`)
  - shared_preferences_foundation (from `.symlinks/plugins/shared_preferences_foundation/darwin`)
  - url_launcher_ios (from `.symlinks/plugins/url_launcher_ios/ios`)
  - yandex_mobileads (from `.symlinks/plugins/yandex_mobileads/ios`)

SPEC REPOS:
  trunk:
    - AppMetricaAdSupport
    - AppMetricaAnalytics
    - AppMetricaCore
    - AppMetricaCoreExtension
    - AppMetricaCoreUtils
    - AppMetricaCrashes
    - AppMetricaEncodingUtils
    - AppMetricaFMDB
    - AppMetricaHostState
    - AppMetricaIdentifiers
    - AppMetricaIDSync
    - AppMetricaKeychain
    - AppMetricaLibraryAdapter
    - AppMetricaLog
    - AppMetricaLogSwift
    - AppMetricaNetwork
    - AppMetricaPlatform
    - AppMetricaProtobuf
    - AppMetricaProtobufUtils
    - AppMetricaScreenshot
    - AppMetricaStorageUtils
    - AppMetricaSynchronization
    - AppMetricaWebKit
    - DivKit
    - DivKit_LayoutKit
    - DivKit_LayoutKitInterface
    - DivKit_Serialization
    - DivKitBinaryCompatibilityFacade
    - Firebase
    - FirebaseAnalytics
    - FirebaseCore
    - FirebaseCoreExtension
    - FirebaseCoreInternal
    - FirebaseCrashlytics
    - FirebaseInstallations
    - FirebaseRemoteConfigInterop
    - FirebaseSessions
    - GoogleAdsOnDeviceConversion
    - GoogleAppMeasurement
    - GoogleDataTransport
    - GoogleUtilities
    - KSCrash
    - nanopb
    - PromisesObjC
    - PromisesSwift
    - VGSL
    - VGSLFundamentals
    - VGSLNetworking
    - VGSLUI
    - YandexMobileAds

EXTERNAL SOURCES:
  app_links:
    :path: ".symlinks/plugins/app_links/ios"
  appmetrica_plugin:
    :path: ".symlinks/plugins/appmetrica_plugin/ios"
  connectivity_plus:
    :path: ".symlinks/plugins/connectivity_plus/ios"
  firebase_analytics:
    :path: ".symlinks/plugins/firebase_analytics/ios"
  firebase_core:
    :path: ".symlinks/plugins/firebase_core/ios"
  firebase_crashlytics:
    :path: ".symlinks/plugins/firebase_crashlytics/ios"
  Flutter:
    :path: Flutter
  flutter_local_notifications:
    :path: ".symlinks/plugins/flutter_local_notifications/ios"
  isar_plus_flutter_libs:
    :path: ".symlinks/plugins/isar_plus_flutter_libs/ios"
  share_plus:
    :path: ".symlinks/plugins/share_plus/ios"
  shared_preferences_foundation:
    :path: ".symlinks/plugins/shared_preferences_foundation/darwin"
  url_launcher_ios:
    :path: ".symlinks/plugins/url_launcher_ios/ios"
  yandex_mobileads:
    :path: ".symlinks/plugins/yandex_mobileads/ios"

SPEC CHECKSUMS:
  app_links: 3dbc685f76b1693c66a6d9dd1e9ab6f73d97dc0a
  appmetrica_plugin: 2a19122bfdc28fae59ab170d7b30a9d712434c5c
  AppMetricaAdSupport: 702bdcf46b81a7fed457de56f6b0554d0480b5a3
  AppMetricaAnalytics: cf7132a25eaf64f4830bc1159d343f5c79db825b
  AppMetricaCore: d1c73033e83316264d5797d003f0c8f7957b7f31
  AppMetricaCoreExtension: 02a8409b471de413ac5ccf9249b12223816737c1
  AppMetricaCoreUtils: 8d6d710d016d15cf30caa46ed7b38219842b6e51
  AppMetricaCrashes: c943106f191613e93e058ec43f74745aa93218b2
  AppMetricaEncodingUtils: 37803d738b7751b80e8cd3911cf42d43af6e011b
  AppMetricaFMDB: 109e4a5ff89ca8c5609c2f2b597831aac7712e65
  AppMetricaHostState: 8a9a1d723974201acdf819bf3a5fadb3af3f2e82
  AppMetricaIdentifiers: 57e3164c945075fce4831567ae3a65959efaff44
  AppMetricaIDSync: f2dcb1b268dda44cd3f1edff5dad74abbb5cb9d4
  AppMetricaKeychain: 99950a926fb90e54913d6737a9901c45af34d800
  AppMetricaLibraryAdapter: 643eeb8958caad92a37658751c10a591b3f74e28
  AppMetricaLog: d2bee5f12ec196308f4a13c46b4a65013900d2db
  AppMetricaLogSwift: 0cff437339756bd78f0a4d1526e34c51486edf3f
  AppMetricaNetwork: 82d32db120ac3fccf7c42006354b4e203debf555
  AppMetricaPlatform: b7bbbe687890caac28cae837fc548e66e3542cfb
  AppMetricaProtobuf: 7b8e4a072bf634b9354f5d13cf6cc0a14b519b85
  AppMetricaProtobufUtils: 3696c3b28c3a6a5fd95b8e44953c662ad5648f7b
  AppMetricaScreenshot: 33f4f82f13f75491c8dbc4a4c6198f81b7533959
  AppMetricaStorageUtils: bb31d877359a6d1ad8ae5a6d89951edddf01af75
  AppMetricaSynchronization: 76f438564c57b4688d640b7befc5600e21bff875
  AppMetricaWebKit: b7111af76d99abfe627103c54925813462474170
  connectivity_plus: cb623214f4e1f6ef8fe7403d580fdad517d2f7dd
  DivKit: c7245f87620bc58ea73821bb7870fbf213c5acef
  DivKit_LayoutKit: 50951787daa828900b7adfe5a917a9c6447671a0
  DivKit_LayoutKitInterface: 702f817732a4dd4147eaac3c5bb91ba249fe766a
  DivKit_Serialization: debd0821e588f97a241caef9a5d997d8e0f85cef
  DivKitBinaryCompatibilityFacade: 38b84cea43f82129388706b4c25f71519d42a18d
  Firebase: 9a58fdbc9d8655ed7b79a19cf9690bb007d3d46d
  firebase_analytics: a3285a9ab410456957496cdb659f00c1cf19a95f
  firebase_core: ee30637e6744af8e0c12a6a1e8a9718506ec2398
  firebase_crashlytics: 28b8f39df8104131376393e6af658b8b77dd120f
  FirebaseAnalytics: f20bbad8cb7f65d8a5eaefeb424ae8800a31bdfc
  FirebaseCore: 0dbad74bda10b8fb9ca34ad8f375fb9dd3ebef7c
  FirebaseCoreExtension: 6605938d51f765d8b18bfcafd2085276a252bee2
  FirebaseCoreInternal: fe5fa466aeb314787093a7dce9f0beeaad5a2a21
  FirebaseCrashlytics: fb31c6907e5b52aa252668394d3f1ab326df1511
  FirebaseInstallations: 6a14ab3d694ebd9f839c48d330da5547e9ca9dc0
  FirebaseRemoteConfigInterop: 869ddca16614f979e5c931ece11fbb0b8729ed41
  FirebaseSessions: d614ca154c63dbbc6c10d6c38259c2162c4e7c9b
  Flutter: cabc95a1d2626b1b06e7179b784ebcf0c0cde467
  flutter_local_notifications: a5a732f069baa862e728d839dd2ebb904737effb
  GoogleAdsOnDeviceConversion: d68c69dd9581a0f5da02617b6f377e5be483970f
  GoogleAppMeasurement: 72c9a682fec6290327ea5e3c4b829b247fcb2c17
  GoogleDataTransport: aae35b7ea0c09004c3797d53c8c41f66f219d6a7
  GoogleUtilities: 00c88b9a86066ef77f0da2fab05f65d7768ed8e1
  isar_plus_flutter_libs: bea5f6058f18eae2da310c97a84bfdf73657b2fd
  KSCrash: bd950ede6c40a50bfc9f246c38a7f3408705fa3c
  nanopb: fad817b59e0457d11a5dfbde799381cd727c1275
  PromisesObjC: f5707f49cb48b9636751c5b2e7d227e43fba9f47
  PromisesSwift: 9d77319bbe72ebf6d872900551f7eeba9bce2851
  share_plus: 50da8cb520a8f0f65671c6c6a99b3617ed10a58a
  shared_preferences_foundation: 7036424c3d8ec98dfe75ff1667cb0cd531ec82bb
  url_launcher_ios: 7a95fa5b60cc718a708b8f2966718e93db0cef1b
  VGSL: 75984a3b526265aa3a231ca69f17807079f97c7e
  VGSLFundamentals: 3d10d98d88fe1094415b1bf8f473f99f44d4ed2c
  VGSLNetworking: 9454665ea5a91f2af656ce4cec064b7292c02d5f
  VGSLUI: 11d1a11dbe0b11777eb9f2a73d22508490ccb6de
  yandex_mobileads: 46a4640d682a8ac44b36ce03b79259f384418b19
  YandexMobileAds: 09962403db0e809df440cf0641c43592fbdcef60

PODFILE CHECKSUM: 99034bb3285b32ac61bfcb82774dbeb45a0900b5

COCOAPODS: 1.16.2
